Microsoft Visual Studio Solution File, Format Version 12.00
# Visual Studio 2012
Project("{FAE04EC0-301F-11D3-BF4B-00C04F79EFBC}") = "Lunar Lander", "Lunar Lander.csproj", "{EDB789B3-8F7B-4AC1-86CC-7029FD51E689}"
EndProject
Global
	GlobalSection(SolutionConfigurationPlatforms) = preSolution
	Debug|Any CPU = Debug|Any CPU
	ExportDebug|Any CPU = ExportDebug|Any CPU
	ExportRelease|Any CPU = ExportRelease|Any CPU
	EndGlobalSection
	GlobalSection(ProjectConfigurationPlatforms) = postSolution
		{EDB789B3-8F7B-4AC1-86CC-7029FD51E689}.Debug|Any CPU.ActiveCfg = Debug|Any CPU
		{EDB789B3-8F7B-4AC1-86CC-7029FD51E689}.Debug|Any CPU.Build.0 = Debug|Any CPU
		{EDB789B3-8F7B-4AC1-86CC-7029FD51E689}.ExportDebug|Any CPU.ActiveCfg = ExportDebug|Any CPU
		{EDB789B3-8F7B-4AC1-86CC-7029FD51E689}.ExportDebug|Any CPU.Build.0 = ExportDebug|Any CPU
		{EDB789B3-8F7B-4AC1-86CC-7029FD51E689}.ExportRelease|Any CPU.ActiveCfg = ExportRelease|Any CPU
		{EDB789B3-8F7B-4AC1-86CC-7029FD51E689}.ExportRelease|Any CPU.Build.0 = ExportRelease|Any CPU
	EndGlobalSection
EndGlobal
